
Microsoft Visual Studio Solution File, Format Version 12.00
# Visual Studio 2013
VisualStudioVersion = 12.0.21005.1
MinimumVisualStudioVersion = 10.0.40219.1
Project("{FAE04EC0-301F-11D3-BF4B-00C04F79EFBC}") = "Bai1-CoBanHuongDoiTuong", "Bai1-CoBanHuongDoiTuong\Bai1-CoBanHuongDoiTuong.csproj", "{F07FBA02-695F-4B8A-B2FE-E8EEA58C8A2D}"
EndProject
Project("{FAE04EC0-301F-11D3-BF4B-00C04F79EFBC}") = "Bai2", "Bai2\Bai2.csproj", "{B66C34C3-456C-49EE-8403-A0AF136011F7}"
EndProject
Project("{FAE04EC0-301F-11D3-BF4B-00C04F79EFBC}") = "Bai3 - Looping Construct", "Bai3 - Looping Construct\Bai3 - Looping Construct.csproj", "{958371FD-60A9-4711-9D56-E83A6FE94171}"
EndProject
Project("{FAE04EC0-301F-11D3-BF4B-00C04F79EFBC}") = "BTVN_1_Hiep", "Bai3 - Hiep\BTVN_1_Hiep.csproj", "{1D8CD83B-362A-4702-BF50-78C2B0D6C53E}"
EndProject
Project("{FAE04EC0-301F-11D3-BF4B-00C04F79EFBC}") = "bai3-loc", "bai3-loc\bai3-loc.csproj", "{4C5752F5-23F7-4AA8-8687-6B1BBC0A08BD}"
EndProject
Project("{FAE04EC0-301F-11D3-BF4B-00C04F79EFBC}") = "Bai3 - Duc", "Bai3 - Duc\Bai3 - Duc.csproj", "{E9E764C4-7FCA-4E84-831F-35A1B8E515FA}"
EndProject
Project("{FAE04EC0-301F-11D3-BF4B-00C04F79EFBC}") = "BTVN_2_Hiep_NotePad", "BTVN_2_Hiep_NotePad\BTVN_2_Hiep_NotePad.csproj", "{BCE1E7FE-0526-4691-B025-FCD990F0CA78}"
EndProject
Project("{FAE04EC0-301F-11D3-BF4B-00C04F79EFBC}") = "NotaPad-QuangTran", "NotaPad-QuangTran\NotaPad-QuangTran.csproj", "{BDDA3D65-0FD9-4DF0-BECD-0EEE30A2A7E5}"
EndProject
Project("{FAE04EC0-301F-11D3-BF4B-00C04F79EFBC}") = "DucBTVN Note", "DucBTVN Note\DucBTVN Note.csproj", "{E478630D-3B70-4737-AA08-FED5EB3189ED}"
EndProject
Project("{FAE04EC0-301F-11D3-BF4B-00C04F79EFBC}") = "Testing", "Testing\Testing.csproj", "{4F939B39-CA23-4704-B0AD-4C46AEFB67C6}"
EndProject
Project("{FAE04EC0-301F-11D3-BF4B-00C04F79EFBC}") = "Recursive_QuangTran", "Recursive_QuangTran\Recursive_QuangTran.csproj", "{C45F1821-574A-4DF6-B430-1144550554D2}"
EndProject
Project("{FAE04EC0-301F-11D3-BF4B-00C04F79EFBC}") = "Homework_Duc", "Homework_Duc\Homework_Duc.csproj", "{2175D617-960C-43A2-B04F-41F3A89A186A}"
EndProject
Project("{FAE04EC0-301F-11D3-BF4B-00C04F79EFBC}") = "BTVNtuan2Quang", "BTVNtuan2Quang\BTVNtuan2Quang.csproj", "{091EF22B-36FA-4DDE-85C0-41ADFAA57398}"
EndProject
Project("{FAE04EC0-301F-11D3-BF4B-00C04F79EFBC}") = "DemoGUI", "DemoGUI\DemoGUI.csproj", "{BF1B3921-30FC-4286-94EC-C8476C18F436}"
EndProject
Project("{FAE04EC0-301F-11D3-BF4B-00C04F79EFBC}") = "DemoGUI1", "DemoGUI1\DemoGUI1.csproj", "{96F2DA41-E37B-4F75-AF2B-88DE64D9E035}"
EndProject
Project("{FAE04EC0-301F-11D3-BF4B-00C04F79EFBC}") = "DemoGUI2", "DemoGUI2\DemoGUI2.csproj", "{B0237C9F-CCA8-42E6-80DD-C68D784796EB}"
EndProject
Global
	GlobalSection(SolutionConfigurationPlatforms) = preSolution
		Debug|Any CPU = Debug|Any CPU
		Release|Any CPU = Release|Any CPU
	EndGlobalSection
	GlobalSection(ProjectConfigurationPlatforms) = postSolution
		{F07FBA02-695F-4B8A-B2FE-E8EEA58C8A2D}.Debug|Any CPU.ActiveCfg = Debug|Any CPU
		{F07FBA02-695F-4B8A-B2FE-E8EEA58C8A2D}.Debug|Any CPU.Build.0 = Debug|Any CPU
		{F07FBA02-695F-4B8A-B2FE-E8EEA58C8A2D}.Release|Any CPU.ActiveCfg = Release|Any CPU
		{F07FBA02-695F-4B8A-B2FE-E8EEA58C8A2D}.Release|Any CPU.Build.0 = Release|Any CPU
		{B66C34C3-456C-49EE-8403-A0AF136011F7}.Debug|Any CPU.ActiveCfg = Debug|Any CPU
		{B66C34C3-456C-49EE-8403-A0AF136011F7}.Debug|Any CPU.Build.0 = Debug|Any CPU
		{B66C34C3-456C-49EE-8403-A0AF136011F7}.Release|Any CPU.ActiveCfg = Release|Any CPU
		{B66C34C3-456C-49EE-8403-A0AF136011F7}.Release|Any CPU.Build.0 = Release|Any CPU
		{958371FD-60A9-4711-9D56-E83A6FE94171}.Debug|Any CPU.ActiveCfg = Debug|Any CPU
		{958371FD-60A9-4711-9D56-E83A6FE94171}.Debug|Any CPU.Build.0 = Debug|Any CPU
		{958371FD-60A9-4711-9D56-E83A6FE94171}.Release|Any CPU.ActiveCfg = Release|Any CPU
		{958371FD-60A9-4711-9D56-E83A6FE94171}.Release|Any CPU.Build.0 = Release|Any CPU
		{1D8CD83B-362A-4702-BF50-78C2B0D6C53E}.Debug|Any CPU.ActiveCfg = Debug|Any CPU
		{1D8CD83B-362A-4702-BF50-78C2B0D6C53E}.Debug|Any CPU.Build.0 = Debug|Any CPU
		{1D8CD83B-362A-4702-BF50-78C2B0D6C53E}.Release|Any CPU.ActiveCfg = Release|Any CPU
		{1D8CD83B-362A-4702-BF50-78C2B0D6C53E}.Release|Any CPU.Build.0 = Release|Any CPU
		{4C5752F5-23F7-4AA8-8687-6B1BBC0A08BD}.Debug|Any CPU.ActiveCfg = Debug|Any CPU
		{4C5752F5-23F7-4AA8-8687-6B1BBC0A08BD}.Debug|Any CPU.Build.0 = Debug|Any CPU
		{4C5752F5-23F7-4AA8-8687-6B1BBC0A08BD}.Release|Any CPU.ActiveCfg = Release|Any CPU
		{4C5752F5-23F7-4AA8-8687-6B1BBC0A08BD}.Release|Any CPU.Build.0 = Release|Any CPU
		{E9E764C4-7FCA-4E84-831F-35A1B8E515FA}.Debug|Any CPU.ActiveCfg = Debug|Any CPU
		{E9E764C4-7FCA-4E84-831F-35A1B8E515FA}.Debug|Any CPU.Build.0 = Debug|Any CPU
		{E9E764C4-7FCA-4E84-831F-35A1B8E515FA}.Release|Any CPU.ActiveCfg = Release|Any CPU
		{E9E764C4-7FCA-4E84-831F-35A1B8E515FA}.Release|Any CPU.Build.0 = Release|Any CPU
		{BCE1E7FE-0526-4691-B025-FCD990F0CA78}.Debug|Any CPU.ActiveCfg = Debug|Any CPU
		{BCE1E7FE-0526-4691-B025-FCD990F0CA78}.Debug|Any CPU.Build.0 = Debug|Any CPU
		{BCE1E7FE-0526-4691-B025-FCD990F0CA78}.Release|Any CPU.ActiveCfg = Release|Any CPU
		{BCE1E7FE-0526-4691-B025-FCD990F0CA78}.Release|Any CPU.Build.0 = Release|Any CPU
		{BDDA3D65-0FD9-4DF0-BECD-0EEE30A2A7E5}.Debug|Any CPU.ActiveCfg = Debug|Any CPU
		{BDDA3D65-0FD9-4DF0-BECD-0EEE30A2A7E5}.Debug|Any CPU.Build.0 = Debug|Any CPU
		{BDDA3D65-0FD9-4DF0-BECD-0EEE30A2A7E5}.Release|Any CPU.ActiveCfg = Release|Any CPU
		{BDDA3D65-0FD9-4DF0-BECD-0EEE30A2A7E5}.Release|Any CPU.Build.0 = Release|Any CPU
		{E478630D-3B70-4737-AA08-FED5EB3189ED}.Debug|Any CPU.ActiveCfg = Debug|Any CPU
		{E478630D-3B70-4737-AA08-FED5EB3189ED}.Debug|Any CPU.Build.0 = Debug|Any CPU
		{E478630D-3B70-4737-AA08-FED5EB3189ED}.Release|Any CPU.ActiveCfg = Release|Any CPU
		{E478630D-3B70-4737-AA08-FED5EB3189ED}.Release|Any CPU.Build.0 = Release|Any CPU
		{4F939B39-CA23-4704-B0AD-4C46AEFB67C6}.Debug|Any CPU.ActiveCfg = Debug|Any CPU
		{4F939B39-CA23-4704-B0AD-4C46AEFB67C6}.Debug|Any CPU.Build.0 = Debug|Any CPU
		{4F939B39-CA23-4704-B0AD-4C46AEFB67C6}.Release|Any CPU.ActiveCfg = Release|Any CPU
		{4F939B39-CA23-4704-B0AD-4C46AEFB67C6}.Release|Any CPU.Build.0 = Release|Any CPU
		{C45F1821-574A-4DF6-B430-1144550554D2}.Debug|Any CPU.ActiveCfg = Debug|Any CPU
		{C45F1821-574A-4DF6-B430-1144550554D2}.Debug|Any CPU.Build.0 = Debug|Any CPU
		{C45F1821-574A-4DF6-B430-1144550554D2}.Release|Any CPU.ActiveCfg = Release|Any CPU
		{C45F1821-574A-4DF6-B430-1144550554D2}.Release|Any CPU.Build.0 = Release|Any CPU
		{2175D617-960C-43A2-B04F-41F3A89A186A}.Debug|Any CPU.ActiveCfg = Debug|Any CPU
		{2175D617-960C-43A2-B04F-41F3A89A186A}.Debug|Any CPU.Build.0 = Debug|Any CPU
		{2175D617-960C-43A2-B04F-41F3A89A186A}.Release|Any CPU.ActiveCfg = Release|Any CPU
		{2175D617-960C-43A2-B04F-41F3A89A186A}.Release|Any CPU.Build.0 = Release|Any CPU
		{091EF22B-36FA-4DDE-85C0-41ADFAA57398}.Debug|Any CPU.ActiveCfg = Debug|Any CPU
		{091EF22B-36FA-4DDE-85C0-41ADFAA57398}.Debug|Any CPU.Build.0 = Debug|Any CPU
		{091EF22B-36FA-4DDE-85C0-41ADFAA57398}.Release|Any CPU.ActiveCfg = Release|Any CPU
		{091EF22B-36FA-4DDE-85C0-41ADFAA57398}.Release|Any CPU.Build.0 = Release|Any CPU
		{BF1B3921-30FC-4286-94EC-C8476C18F436}.Debug|Any CPU.ActiveCfg = Debug|Any CPU
		{BF1B3921-30FC-4286-94EC-C8476C18F436}.Debug|Any CPU.Build.0 = Debug|Any CPU
		{BF1B3921-30FC-4286-94EC-C8476C18F436}.Release|Any CPU.ActiveCfg = Release|Any CPU
		{BF1B3921-30FC-4286-94EC-C8476C18F436}.Release|Any CPU.Build.0 = Release|Any CPU
		{96F2DA41-E37B-4F75-AF2B-88DE64D9E035}.Debug|Any CPU.ActiveCfg = Debug|Any CPU
		{96F2DA41-E37B-4F75-AF2B-88DE64D9E035}.Debug|Any CPU.Build.0 = Debug|Any CPU
		{96F2DA41-E37B-4F75-AF2B-88DE64D9E035}.Release|Any CPU.ActiveCfg = Release|Any CPU
		{96F2DA41-E37B-4F75-AF2B-88DE64D9E035}.Release|Any CPU.Build.0 = Release|Any CPU
		{B0237C9F-CCA8-42E6-80DD-C68D784796EB}.Debug|Any CPU.ActiveCfg = Debug|Any CPU
		{B0237C9F-CCA8-42E6-80DD-C68D784796EB}.Debug|Any CPU.Build.0 = Debug|Any CPU
		{B0237C9F-CCA8-42E6-80DD-C68D784796EB}.Release|Any CPU.ActiveCfg = Release|Any CPU
		{B0237C9F-CCA8-42E6-80DD-C68D784796EB}.Release|Any CPU.Build.0 = Release|Any CPU
	EndGlobalSection
	GlobalSection(SolutionProperties) = preSolution
		HideSolutionNode = FALSE
	EndGlobalSection
EndGlobal
